
Microsoft Visual Studio Solution File, Format Version 12.00
# Visual Studio 15
VisualStudioVersion = 15.0.27703.2000
MinimumVisualStudioVersion = 10.0.40219.1
Project("{2150E333-8FDC-42A3-9474-1A3956D46DE8}") = "Solution Items", "Solution Items", "{B3E3846B-B3E4-4F17-B1CC-3AA2EC54754C}"
	ProjectSection(SolutionItems) = preProject
		LICENSE = LICENSE
	EndProjectSection
EndProject
Project("{9A19103F-16F7-4668-BE54-9A1E7A4F7556}") = "Gihan.Storage.Core", "Gihan.Storage.Core\Gihan.Storage.Core.csproj", "{BFD9F90B-D831-453D-9586-DB3C095FCACA}"
EndProject
Project("{9A19103F-16F7-4668-BE54-9A1E7A4F7556}") = "Gihan.Storage.SystemIO", "Gihan.Storage.SystemIO\Gihan.Storage.SystemIO.csproj", "{05FB37BE-BA50-4499-A578-34CAFBA6F82D}"
EndProject
Project("{FAE04EC0-301F-11D3-BF4B-00C04F79EFBC}") = "Gihan.Storage.UWP", "Gihan.Storage.UWP\Gihan.Storage.UWP.csproj", "{BFEA6B79-893B-4450-8DC7-BB971D0DE89B}"
EndProject
Project("{9A19103F-16F7-4668-BE54-9A1E7A4F7556}") = "StorageSysIoTest", "StorageSysIoTest\StorageSysIoTest.csproj", "{C719F6A1-3045-4B59-8C9A-4E0D3EBEDA2F}"
EndProject
Global
	GlobalSection(SolutionConfigurationPlatforms) = preSolution
		Debug|Any CPU = Debug|Any CPU
		Debug|ARM = Debug|ARM
		Debug|x64 = Debug|x64
		Debug|x86 = Debug|x86
		Release|Any CPU = Release|Any CPU
		Release|ARM = Release|ARM
		Release|x64 = Release|x64
		Release|x86 = Release|x86
	EndGlobalSection
	GlobalSection(ProjectConfigurationPlatforms) = postSolution
		{BFD9F90B-D831-453D-9586-DB3C095FCACA}.Debug|Any CPU.ActiveCfg = Debug|Any CPU
		{BFD9F90B-D831-453D-9586-DB3C095FCACA}.Debug|Any CPU.Build.0 = Debug|Any CPU
		{BFD9F90B-D831-453D-9586-DB3C095FCACA}.Debug|ARM.ActiveCfg = Debug|Any CPU
		{BFD9F90B-D831-453D-9586-DB3C095FCACA}.Debug|ARM.Build.0 = Debug|Any CPU
		{BFD9F90B-D831-453D-9586-DB3C095FCACA}.Debug|x64.ActiveCfg = Debug|Any CPU
		{BFD9F90B-D831-453D-9586-DB3C095FCACA}.Debug|x64.Build.0 = Debug|Any CPU
		{BFD9F90B-D831-453D-9586-DB3C095FCACA}.Debug|x86.ActiveCfg = Debug|Any CPU
		{BFD9F90B-D831-453D-9586-DB3C095FCACA}.Debug|x86.Build.0 = Debug|Any CPU
		{BFD9F90B-D831-453D-9586-DB3C095FCACA}.Release|Any CPU.ActiveCfg = Release|Any CPU
		{BFD9F90B-D831-453D-9586-DB3C095FCACA}.Release|Any CPU.Build.0 = Release|Any CPU
		{BFD9F90B-D831-453D-9586-DB3C095FCACA}.Release|ARM.ActiveCfg = Release|Any CPU
		{BFD9F90B-D831-453D-9586-DB3C095FCACA}.Release|ARM.Build.0 = Release|Any CPU
		{BFD9F90B-D831-453D-9586-DB3C095FCACA}.Release|x64.ActiveCfg = Release|Any CPU
		{BFD9F90B-D831-453D-9586-DB3C095FCACA}.Release|x64.Build.0 = Release|Any CPU
		{BFD9F90B-D831-453D-9586-DB3C095FCACA}.Release|x86.ActiveCfg = Release|Any CPU
		{BFD9F90B-D831-453D-9586-DB3C095FCACA}.Release|x86.Build.0 = Release|Any CPU
		{05FB37BE-BA50-4499-A578-34CAFBA6F82D}.Debug|Any CPU.ActiveCfg = Debug|Any CPU
		{05FB37BE-BA50-4499-A578-34CAFBA6F82D}.Debug|Any CPU.Build.0 = Debug|Any CPU
		{05FB37BE-BA50-4499-A578-34CAFBA6F82D}.Debug|ARM.ActiveCfg = Debug|Any CPU
		{05FB37BE-BA50-4499-A578-34CAFBA6F82D}.Debug|ARM.Build.0 = Debug|Any CPU
		{05FB37BE-BA50-4499-A578-34CAFBA6F82D}.Debug|x64.ActiveCfg = Debug|Any CPU
		{05FB37BE-BA50-4499-A578-34CAFBA6F82D}.Debug|x64.Build.0 = Debug|Any CPU
		{05FB37BE-BA50-4499-A578-34CAFBA6F82D}.Debug|x86.ActiveCfg = Debug|Any CPU
		{05FB37BE-BA50-4499-A578-34CAFBA6F82D}.Debug|x86.Build.0 = Debug|Any CPU
		{05FB37BE-BA50-4499-A578-34CAFBA6F82D}.Release|Any CPU.ActiveCfg = Release|Any CPU
		{05FB37BE-BA50-4499-A578-34CAFBA6F82D}.Release|Any CPU.Build.0 = Release|Any CPU
		{05FB37BE-BA50-4499-A578-34CAFBA6F82D}.Release|ARM.ActiveCfg = Release|Any CPU
		{05FB37BE-BA50-4499-A578-34CAFBA6F82D}.Release|ARM.Build.0 = Release|Any CPU
		{05FB37BE-BA50-4499-A578-34CAFBA6F82D}.Release|x64.ActiveCfg = Release|Any CPU
		{05FB37BE-BA50-4499-A578-34CAFBA6F82D}.Release|x64.Build.0 = Release|Any CPU
		{05FB37BE-BA50-4499-A578-34CAFBA6F82D}.Release|x86.ActiveCfg = Release|Any CPU
		{05FB37BE-BA50-4499-A578-34CAFBA6F82D}.Release|x86.Build.0 = Release|Any CPU
		{BFEA6B79-893B-4450-8DC7-BB971D0DE89B}.Debug|Any CPU.ActiveCfg = Debug|Any CPU
		{BFEA6B79-893B-4450-8DC7-BB971D0DE89B}.Debug|Any CPU.Build.0 = Debug|Any CPU
		{BFEA6B79-893B-4450-8DC7-BB971D0DE89B}.Debug|ARM.ActiveCfg = Debug|ARM
		{BFEA6B79-893B-4450-8DC7-BB971D0DE89B}.Debug|ARM.Build.0 = Debug|ARM
		{BFEA6B79-893B-4450-8DC7-BB971D0DE89B}.Debug|x64.ActiveCfg = Debug|x64
		{BFEA6B79-893B-4450-8DC7-BB971D0DE89B}.Debug|x64.Build.0 = Debug|x64
		{BFEA6B79-893B-4450-8DC7-BB971D0DE89B}.Debug|x86.ActiveCfg = Debug|x86
		{BFEA6B79-893B-4450-8DC7-BB971D0DE89B}.Debug|x86.Build.0 = Debug|x86
		{BFEA6B79-893B-4450-8DC7-BB971D0DE89B}.Release|Any CPU.ActiveCfg = Release|Any CPU
		{BFEA6B79-893B-4450-8DC7-BB971D0DE89B}.Release|ARM.ActiveCfg = Release|ARM
		{BFEA6B79-893B-4450-8DC7-BB971D0DE89B}.Release|ARM.Build.0 = Release|ARM
		{BFEA6B79-893B-4450-8DC7-BB971D0DE89B}.Release|x64.ActiveCfg = Release|x64
		{BFEA6B79-893B-4450-8DC7-BB971D0DE89B}.Release|x64.Build.0 = Release|x64
		{BFEA6B79-893B-4450-8DC7-BB971D0DE89B}.Release|x86.ActiveCfg = Release|x86
		{BFEA6B79-893B-4450-8DC7-BB971D0DE89B}.Release|x86.Build.0 = Release|x86
		{C719F6A1-3045-4B59-8C9A-4E0D3EBEDA2F}.Debug|Any CPU.ActiveCfg = Debug|Any CPU
		{C719F6A1-3045-4B59-8C9A-4E0D3EBEDA2F}.Debug|Any CPU.Build.0 = Debug|Any CPU
		{C719F6A1-3045-4B59-8C9A-4E0D3EBEDA2F}.Debug|ARM.ActiveCfg = Debug|Any CPU
		{C719F6A1-3045-4B59-8C9A-4E0D3EBEDA2F}.Debug|ARM.Build.0 = Debug|Any CPU
		{C719F6A1-3045-4B59-8C9A-4E0D3EBEDA2F}.Debug|x64.ActiveCfg = Debug|Any CPU
		{C719F6A1-3045-4B59-8C9A-4E0D3EBEDA2F}.Debug|x64.Build.0 = Debug|Any CPU
		{C719F6A1-3045-4B59-8C9A-4E0D3EBEDA2F}.Debug|x86.ActiveCfg = Debug|Any CPU
		{C719F6A1-3045-4B59-8C9A-4E0D3EBEDA2F}.Debug|x86.Build.0 = Debug|Any CPU
		{C719F6A1-3045-4B59-8C9A-4E0D3EBEDA2F}.Release|Any CPU.ActiveCfg = Release|Any CPU
		{C719F6A1-3045-4B59-8C9A-4E0D3EBEDA2F}.Release|Any CPU.Build.0 = Release|Any CPU
		{C719F6A1-3045-4B59-8C9A-4E0D3EBEDA2F}.Release|ARM.ActiveCfg = Release|Any CPU
		{C719F6A1-3045-4B59-8C9A-4E0D3EBEDA2F}.Release|ARM.Build.0 = Release|Any CPU
		{C719F6A1-3045-4B59-8C9A-4E0D3EBEDA2F}.Release|x64.ActiveCfg = Release|Any CPU
		{C719F6A1-3045-4B59-8C9A-4E0D3EBEDA2F}.Release|x64.Build.0 = Release|Any CPU
		{C719F6A1-3045-4B59-8C9A-4E0D3EBEDA2F}.Release|x86.ActiveCfg = Release|Any CPU
		{C719F6A1-3045-4B59-8C9A-4E0D3EBEDA2F}.Release|x86.Build.0 = Release|Any CPU
	EndGlobalSection
	GlobalSection(SolutionProperties) = preSolution
		HideSolutionNode = FALSE
	EndGlobalSection
	GlobalSection(ExtensibilityGlobals) = postSolution
		SolutionGuid = {1279BBAC-0AA0-4D21-9AC7-36F1DC6D471A}
	EndGlobalSection
EndGlobal
