
Microsoft Visual Studio Solution File, Format Version 12.00
# Visual Studio Version 16
VisualStudioVersion = 16.0.28822.285
MinimumVisualStudioVersion = 10.0.40219.1
Project("{2150E333-8FDC-42A3-9474-1A3956D46DE8}") = "Items", "Items", "{B3E3846B-B3E4-4F17-B1CC-3AA2EC54754C}"
	ProjectSection(SolutionItems) = preProject
		gihansoft.ico = gihansoft.ico
		LICENSE.md = LICENSE.md
	EndProjectSection
EndProject
Project("{9A19103F-16F7-4668-BE54-9A1E7A4F7556}") = "Gihan.Storage.Core", "Gihan.Storage.Core\Gihan.Storage.Core.csproj", "{BFD9F90B-D831-453D-9586-DB3C095FCACA}"
EndProject
Project("{9A19103F-16F7-4668-BE54-9A1E7A4F7556}") = "Gihan.Storage.SystemIO", "Gihan.Storage.SystemIO\Gihan.Storage.SystemIO.csproj", "{05FB37BE-BA50-4499-A578-34CAFBA6F82D}"
EndProject
Project("{9A19103F-16F7-4668-BE54-9A1E7A4F7556}") = "StorageSysIoTest", "StorageSysIoTest\StorageSysIoTest.csproj", "{C719F6A1-3045-4B59-8C9A-4E0D3EBEDA2F}"
EndProject
Project("{9A19103F-16F7-4668-BE54-9A1E7A4F7556}") = "SysIoTest", "SysIoTest\SysIoTest.csproj", "{F7E088B6-6F71-4088-BDD5-E3C61D8D8AC8}"
EndProject
Project("{9A19103F-16F7-4668-BE54-9A1E7A4F7556}") = "Gihan.Helpers.Storage", "Gihan.Helpers.Storage\Gihan.Helpers.Storage.csproj", "{F02BA5F6-9349-4016-995F-F5EEEED5400A}"
EndProject
Project("{2150E333-8FDC-42A3-9474-1A3956D46DE8}") = "old", "old", "{8E99A661-D32B-4CF3-B1E2-6AF124A75ABD}"
EndProject
Project("{2150E333-8FDC-42A3-9474-1A3956D46DE8}") = "test", "test", "{34B5E661-1071-44F9-ABDD-F0B91661A7E5}"
EndProject
Global
	GlobalSection(SolutionConfigurationPlatforms) = preSolution
		Debug|Any CPU = Debug|Any CPU
		Debug|ARM = Debug|ARM
		Debug|x64 = Debug|x64
		Debug|x86 = Debug|x86
		Release|Any CPU = Release|Any CPU
		Release|ARM = Release|ARM
		Release|x64 = Release|x64
		Release|x86 = Release|x86
	EndGlobalSection
	GlobalSection(ProjectConfigurationPlatforms) = postSolution
		{BFD9F90B-D831-453D-9586-DB3C095FCACA}.Debug|Any CPU.ActiveCfg = Debug|Any CPU
		{BFD9F90B-D831-453D-9586-DB3C095FCACA}.Debug|Any CPU.Build.0 = Debug|Any CPU
		{BFD9F90B-D831-453D-9586-DB3C095FCACA}.Debug|ARM.ActiveCfg = Debug|Any CPU
		{BFD9F90B-D831-453D-9586-DB3C095FCACA}.Debug|ARM.Build.0 = Debug|Any CPU
		{BFD9F90B-D831-453D-9586-DB3C095FCACA}.Debug|x64.ActiveCfg = Debug|Any CPU
		{BFD9F90B-D831-453D-9586-DB3C095FCACA}.Debug|x64.Build.0 = Debug|Any CPU
		{BFD9F90B-D831-453D-9586-DB3C095FCACA}.Debug|x86.ActiveCfg = Debug|Any CPU
		{BFD9F90B-D831-453D-9586-DB3C095FCACA}.Debug|x86.Build.0 = Debug|Any CPU
		{BFD9F90B-D831-453D-9586-DB3C095FCACA}.Release|Any CPU.ActiveCfg = Release|Any CPU
		{BFD9F90B-D831-453D-9586-DB3C095FCACA}.Release|Any CPU.Build.0 = Release|Any CPU
		{BFD9F90B-D831-453D-9586-DB3C095FCACA}.Release|ARM.ActiveCfg = Release|Any CPU
		{BFD9F90B-D831-453D-9586-DB3C095FCACA}.Release|ARM.Build.0 = Release|Any CPU
		{BFD9F90B-D831-453D-9586-DB3C095FCACA}.Release|x64.ActiveCfg = Release|Any CPU
		{BFD9F90B-D831-453D-9586-DB3C095FCACA}.Release|x64.Build.0 = Release|Any CPU
		{BFD9F90B-D831-453D-9586-DB3C095FCACA}.Release|x86.ActiveCfg = Release|Any CPU
		{BFD9F90B-D831-453D-9586-DB3C095FCACA}.Release|x86.Build.0 = Release|Any CPU
		{05FB37BE-BA50-4499-A578-34CAFBA6F82D}.Debug|Any CPU.ActiveCfg = Debug|Any CPU
		{05FB37BE-BA50-4499-A578-34CAFBA6F82D}.Debug|Any CPU.Build.0 = Debug|Any CPU
		{05FB37BE-BA50-4499-A578-34CAFBA6F82D}.Debug|ARM.ActiveCfg = Debug|Any CPU
		{05FB37BE-BA50-4499-A578-34CAFBA6F82D}.Debug|ARM.Build.0 = Debug|Any CPU
		{05FB37BE-BA50-4499-A578-34CAFBA6F82D}.Debug|x64.ActiveCfg = Debug|Any CPU
		{05FB37BE-BA50-4499-A578-34CAFBA6F82D}.Debug|x64.Build.0 = Debug|Any CPU
		{05FB37BE-BA50-4499-A578-34CAFBA6F82D}.Debug|x86.ActiveCfg = Debug|Any CPU
		{05FB37BE-BA50-4499-A578-34CAFBA6F82D}.Debug|x86.Build.0 = Debug|Any CPU
		{05FB37BE-BA50-4499-A578-34CAFBA6F82D}.Release|Any CPU.ActiveCfg = Release|Any CPU
		{05FB37BE-BA50-4499-A578-34CAFBA6F82D}.Release|Any CPU.Build.0 = Release|Any CPU
		{05FB37BE-BA50-4499-A578-34CAFBA6F82D}.Release|ARM.ActiveCfg = Release|Any CPU
		{05FB37BE-BA50-4499-A578-34CAFBA6F82D}.Release|ARM.Build.0 = Release|Any CPU
		{05FB37BE-BA50-4499-A578-34CAFBA6F82D}.Release|x64.ActiveCfg = Release|Any CPU
		{05FB37BE-BA50-4499-A578-34CAFBA6F82D}.Release|x64.Build.0 = Release|Any CPU
		{05FB37BE-BA50-4499-A578-34CAFBA6F82D}.Release|x86.ActiveCfg = Release|Any CPU
		{05FB37BE-BA50-4499-A578-34CAFBA6F82D}.Release|x86.Build.0 = Release|Any CPU
		{C719F6A1-3045-4B59-8C9A-4E0D3EBEDA2F}.Debug|Any CPU.ActiveCfg = Debug|Any CPU
		{C719F6A1-3045-4B59-8C9A-4E0D3EBEDA2F}.Debug|Any CPU.Build.0 = Debug|Any CPU
		{C719F6A1-3045-4B59-8C9A-4E0D3EBEDA2F}.Debug|ARM.ActiveCfg = Debug|Any CPU
		{C719F6A1-3045-4B59-8C9A-4E0D3EBEDA2F}.Debug|ARM.Build.0 = Debug|Any CPU
		{C719F6A1-3045-4B59-8C9A-4E0D3EBEDA2F}.Debug|x64.ActiveCfg = Debug|Any CPU
		{C719F6A1-3045-4B59-8C9A-4E0D3EBEDA2F}.Debug|x64.Build.0 = Debug|Any CPU
		{C719F6A1-3045-4B59-8C9A-4E0D3EBEDA2F}.Debug|x86.ActiveCfg = Debug|Any CPU
		{C719F6A1-3045-4B59-8C9A-4E0D3EBEDA2F}.Debug|x86.Build.0 = Debug|Any CPU
		{C719F6A1-3045-4B59-8C9A-4E0D3EBEDA2F}.Release|Any CPU.ActiveCfg = Release|Any CPU
		{C719F6A1-3045-4B59-8C9A-4E0D3EBEDA2F}.Release|Any CPU.Build.0 = Release|Any CPU
		{C719F6A1-3045-4B59-8C9A-4E0D3EBEDA2F}.Release|ARM.ActiveCfg = Release|Any CPU
		{C719F6A1-3045-4B59-8C9A-4E0D3EBEDA2F}.Release|ARM.Build.0 = Release|Any CPU
		{C719F6A1-3045-4B59-8C9A-4E0D3EBEDA2F}.Release|x64.ActiveCfg = Release|Any CPU
		{C719F6A1-3045-4B59-8C9A-4E0D3EBEDA2F}.Release|x64.Build.0 = Release|Any CPU
		{C719F6A1-3045-4B59-8C9A-4E0D3EBEDA2F}.Release|x86.ActiveCfg = Release|Any CPU
		{C719F6A1-3045-4B59-8C9A-4E0D3EBEDA2F}.Release|x86.Build.0 = Release|Any CPU
		{F7E088B6-6F71-4088-BDD5-E3C61D8D8AC8}.Debug|Any CPU.ActiveCfg = Debug|Any CPU
		{F7E088B6-6F71-4088-BDD5-E3C61D8D8AC8}.Debug|Any CPU.Build.0 = Debug|Any CPU
		{F7E088B6-6F71-4088-BDD5-E3C61D8D8AC8}.Debug|ARM.ActiveCfg = Debug|Any CPU
		{F7E088B6-6F71-4088-BDD5-E3C61D8D8AC8}.Debug|ARM.Build.0 = Debug|Any CPU
		{F7E088B6-6F71-4088-BDD5-E3C61D8D8AC8}.Debug|x64.ActiveCfg = Debug|Any CPU
		{F7E088B6-6F71-4088-BDD5-E3C61D8D8AC8}.Debug|x64.Build.0 = Debug|Any CPU
		{F7E088B6-6F71-4088-BDD5-E3C61D8D8AC8}.Debug|x86.ActiveCfg = Debug|Any CPU
		{F7E088B6-6F71-4088-BDD5-E3C61D8D8AC8}.Debug|x86.Build.0 = Debug|Any CPU
		{F7E088B6-6F71-4088-BDD5-E3C61D8D8AC8}.Release|Any CPU.ActiveCfg = Release|Any CPU
		{F7E088B6-6F71-4088-BDD5-E3C61D8D8AC8}.Release|Any CPU.Build.0 = Release|Any CPU
		{F7E088B6-6F71-4088-BDD5-E3C61D8D8AC8}.Release|ARM.ActiveCfg = Release|Any CPU
		{F7E088B6-6F71-4088-BDD5-E3C61D8D8AC8}.Release|ARM.Build.0 = Release|Any CPU
		{F7E088B6-6F71-4088-BDD5-E3C61D8D8AC8}.Release|x64.ActiveCfg = Release|Any CPU
		{F7E088B6-6F71-4088-BDD5-E3C61D8D8AC8}.Release|x64.Build.0 = Release|Any CPU
		{F7E088B6-6F71-4088-BDD5-E3C61D8D8AC8}.Release|x86.ActiveCfg = Release|Any CPU
		{F7E088B6-6F71-4088-BDD5-E3C61D8D8AC8}.Release|x86.Build.0 = Release|Any CPU
		{F02BA5F6-9349-4016-995F-F5EEEED5400A}.Debug|Any CPU.ActiveCfg = Debug|Any CPU
		{F02BA5F6-9349-4016-995F-F5EEEED5400A}.Debug|Any CPU.Build.0 = Debug|Any CPU
		{F02BA5F6-9349-4016-995F-F5EEEED5400A}.Debug|ARM.ActiveCfg = Debug|Any CPU
		{F02BA5F6-9349-4016-995F-F5EEEED5400A}.Debug|ARM.Build.0 = Debug|Any CPU
		{F02BA5F6-9349-4016-995F-F5EEEED5400A}.Debug|x64.ActiveCfg = Debug|Any CPU
		{F02BA5F6-9349-4016-995F-F5EEEED5400A}.Debug|x64.Build.0 = Debug|Any CPU
		{F02BA5F6-9349-4016-995F-F5EEEED5400A}.Debug|x86.ActiveCfg = Debug|Any CPU
		{F02BA5F6-9349-4016-995F-F5EEEED5400A}.Debug|x86.Build.0 = Debug|Any CPU
		{F02BA5F6-9349-4016-995F-F5EEEED5400A}.Release|Any CPU.ActiveCfg = Release|Any CPU
		{F02BA5F6-9349-4016-995F-F5EEEED5400A}.Release|Any CPU.Build.0 = Release|Any CPU
		{F02BA5F6-9349-4016-995F-F5EEEED5400A}.Release|ARM.ActiveCfg = Release|Any CPU
		{F02BA5F6-9349-4016-995F-F5EEEED5400A}.Release|ARM.Build.0 = Release|Any CPU
		{F02BA5F6-9349-4016-995F-F5EEEED5400A}.Release|x64.ActiveCfg = Release|Any CPU
		{F02BA5F6-9349-4016-995F-F5EEEED5400A}.Release|x64.Build.0 = Release|Any CPU
		{F02BA5F6-9349-4016-995F-F5EEEED5400A}.Release|x86.ActiveCfg = Release|Any CPU
		{F02BA5F6-9349-4016-995F-F5EEEED5400A}.Release|x86.Build.0 = Release|Any CPU
	EndGlobalSection
	GlobalSection(SolutionProperties) = preSolution
		HideSolutionNode = FALSE
	EndGlobalSection
	GlobalSection(NestedProjects) = preSolution
		{BFD9F90B-D831-453D-9586-DB3C095FCACA} = {8E99A661-D32B-4CF3-B1E2-6AF124A75ABD}
		{05FB37BE-BA50-4499-A578-34CAFBA6F82D} = {8E99A661-D32B-4CF3-B1E2-6AF124A75ABD}
		{C719F6A1-3045-4B59-8C9A-4E0D3EBEDA2F} = {34B5E661-1071-44F9-ABDD-F0B91661A7E5}
		{F7E088B6-6F71-4088-BDD5-E3C61D8D8AC8} = {34B5E661-1071-44F9-ABDD-F0B91661A7E5}
	EndGlobalSection
	GlobalSection(ExtensibilityGlobals) = postSolution
		SolutionGuid = {1279BBAC-0AA0-4D21-9AC7-36F1DC6D471A}
	EndGlobalSection
EndGlobal
